{
  "name": "grapix",
  "version": "0.1.0",
  "lockfileVersion": 3,
  "requires": true,
  "packages": {
    "": {
      "name": "grapix",
      "version": "0.1.0",
      "license": "LicenseRef-Proprietary",
      "workspaces": [
        "Shared/generated-ts",
        "services/schema-mcp",
        "Editor",
        "Playout"
      ],
      "devDependencies": {
        "typescript": "~5.6.3"
      },
      "engines": {
        "node": ">=22"
      }
    },
    "Editor": {
      "name": "@grapix/editor",
      "version": "0.1.0",
      "dependencies": {
        "@grapix/contracts": "*"
      }
    },
    "node_modules/@grapix/contracts": {
      "resolved": "Shared/generated-ts",
      "link": true
    },
    "node_modules/@grapix/editor": {
      "resolved": "Editor",
      "link": true
    },
    "node_modules/@grapix/playout": {
      "resolved": "Playout",
      "link": true
    },
    "node_modules/@grapix/schema-mcp": {
      "resolved": "services/schema-mcp",
      "link": true
    },
    "node_modules/typescript": {
      "version": "5.6.3",
      "resolved": "https://registry.npmjs.org/typescript/-/typescript-5.6.3.tgz",
      "integrity": "sha512-hjcS1mhfuyi4WW8IWtjP7brDrG2cuDZukyrYrSauoXGNgx0S7zceP07adYkJycEr56BOUTNPzbInooiN3fn1qw==",
      "dev": true,
      "license": "Apache-2.0",
      "bin": {
        "tsc": "bin/tsc",
        "tsserver": "bin/tsserver"
      },
      "engines": {
        "node": ">=14.17"
      }
    },
    "Playout": {
      "name": "@grapix/playout",
      "version": "0.1.0",
      "dependencies": {
        "@grapix/contracts": "*"
      }
    },
    "services/schema-mcp": {
      "name": "@grapix/schema-mcp",
      "version": "0.1.0",
      "dependencies": {
        "@grapix/contracts": "*"
      }
    },
    "Shared/generated-ts": {
      "name": "@grapix/contracts",
      "version": "0.1.0"
    }
  }
}
